
Microsoft Visual Studio Solution File, Format Version 12.00
# Visual Studio Version 17
VisualStudioVersion = 17.3.32929.385
MinimumVisualStudioVersion = 10.0.40219.1
Project("{FAE04EC0-301F-11D3-BF4B-00C04F79EFBC}") = "Book-API", "Book-API.csproj", "{571A0062-5C88-47BF-BE83-42CC85C61394}"
EndProject
Global
	GlobalSection(SolutionConfigurationPlatforms) = preSolution
		Debug|Any CPU = Debug|Any CPU
		Release|Any CPU = Release|Any CPU
	EndGlobalSection
	GlobalSection(ProjectConfigurationPlatforms) = postSolution
		{571A0062-5C88-47BF-BE83-42CC85C61394}.Debug|Any CPU.ActiveCfg = Debug|Any CPU
		{571A0062-5C88-47BF-BE83-42CC85C61394}.Debug|Any CPU.Build.0 = Debug|Any CPU
		{571A0062-5C88-47BF-BE83-42CC85C61394}.Release|Any CPU.ActiveCfg = Release|Any CPU
		{571A0062-5C88-47BF-BE83-42CC85C61394}.Release|Any CPU.Build.0 = Release|Any CPU
	EndGlobalSection
	GlobalSection(SolutionProperties) = preSolution
		HideSolutionNode = FALSE
	EndGlobalSection
	GlobalSection(ExtensibilityGlobals) = postSolution
		SolutionGuid = {E104BC52-DEE2-4960-AADD-C5AF17B4CF0A}
	EndGlobalSection
EndGlobal
